// !$*UTF8*$!
{
	archiveVersion = 1;
	classes = {
	};
	objectVersion = 54;
	objects = {

/* Begin PBXBuildFile section */
		0620CFF7265C296E000C1A92 /* AppDelegate.swift in Sources */ = {isa = PBXBuildFile; fileRef = 0620CFF6265C296E000C1A92 /* AppDelegate.swift */; };
		0620CFF9265C296E000C1A92 /* SceneDelegate.swift in Sources */ = {isa = PBXBuildFile; fileRef = 0620CFF8265C296E000C1A92 /* SceneDelegate.swift */; };
		0620D000265C296E000C1A92 /* Assets.xcassets in Resources */ = {isa = PBXBuildFile; fileRef = 0620CFFF265C296E000C1A92 /* Assets.xcassets */; };
		0620D003265C296E000C1A92 /* LaunchScreen.storyboard in Resources */ = {isa = PBXBuildFile; fileRef = 0620D001265C296E000C1A92 /* LaunchScreen.storyboard */; };
		0637640626711876006F4BB5 /* exportOptions.plist in Resources */ = {isa = PBXBuildFile; fileRef = 0637640426711521006F4BB5 /* exportOptions.plist */; };
		D041D6602ADD681B0062338C /* User.swift in Sources */ = {isa = PBXBuildFile; fileRef = D041D65F2ADD681B0062338C /* User.swift */; };
		D041D6612ADD681B0062338C /* User.swift in Sources */ = {isa = PBXBuildFile; fileRef = D041D65F2ADD681B0062338C /* User.swift */; };
		D041D6632ADD695C0062338C /* LoggedInUser.swift in Sources */ = {isa = PBXBuildFile; fileRef = D041D6622ADD695C0062338C /* LoggedInUser.swift */; };
		D041D6642ADD695C0062338C /* LoggedInUser.swift in Sources */ = {isa = PBXBuildFile; fileRef = D041D6622ADD695C0062338C /* LoggedInUser.swift */; };
		D041D6662ADD71EF0062338C /* PaymentType.swift in Sources */ = {isa = PBXBuildFile; fileRef = D041D6652ADD71EF0062338C /* PaymentType.swift */; };
		D041D6672ADD71EF0062338C /* PaymentType.swift in Sources */ = {isa = PBXBuildFile; fileRef = D041D6652ADD71EF0062338C /* PaymentType.swift */; };
		D041D6692ADD935B0062338C /* BillingAccount.swift in Sources */ = {isa = PBXBuildFile; fileRef = D041D6682ADD935B0062338C /* BillingAccount.swift */; };
		D041D66A2ADD935B0062338C /* BillingAccount.swift in Sources */ = {isa = PBXBuildFile; fileRef = D041D6682ADD935B0062338C /* BillingAccount.swift */; };
		D041D66C2ADDB38E0062338C /* BillingAccounts.swift in Sources */ = {isa = PBXBuildFile; fileRef = D041D66B2ADDB38E0062338C /* BillingAccounts.swift */; };
		D041D66D2ADDB38E0062338C /* BillingAccounts.swift in Sources */ = {isa = PBXBuildFile; fileRef = D041D66B2ADDB38E0062338C /* BillingAccounts.swift */; };
		D04B130128A2CF4200A79092 /* OloPaySDK.framework in Frameworks */ = {isa = PBXBuildFile; fileRef = D0C9B99E2881B6B3000F0CB0 /* OloPaySDK.framework */; platformFilter = ios; };
		D04B130228A2CF4200A79092 /* OloPaySDK.framework in Embed Frameworks */ = {isa = PBXBuildFile; fileRef = D0C9B99E2881B6B3000F0CB0 /* OloPaySDK.framework */; settings = {ATTRIBUTES = (CodeSignOnCopy, RemoveHeadersOnCopy, ); }; };
		D04B130328A2CF4F00A79092 /* OloPaySDK.framework in Frameworks */ = {isa = PBXBuildFile; fileRef = D0C9B99E2881B6B3000F0CB0 /* OloPaySDK.framework */; platformFilter = ios; };
		D04B130428A2CF4F00A79092 /* OloPaySDK.framework in Embed Frameworks */ = {isa = PBXBuildFile; fileRef = D0C9B99E2881B6B3000F0CB0 /* OloPaySDK.framework */; settings = {ATTRIBUTES = (CodeSignOnCopy, RemoveHeadersOnCopy, ); }; };
		D04FC04A28F895750065BF1A /* Stripe.xcframework in Frameworks */ = {isa = PBXBuildFile; fileRef = D04FC04728F895680065BF1A /* Stripe.xcframework */; };
		D04FC04B28F895750065BF1A /* Stripe.xcframework in Embed Frameworks */ = {isa = PBXBuildFile; fileRef = D04FC04728F895680065BF1A /* Stripe.xcframework */; settings = {ATTRIBUTES = (CodeSignOnCopy, RemoveHeadersOnCopy, ); }; };
		D04FC04C28F895770065BF1A /* Stripe3DS2.xcframework in Frameworks */ = {isa = PBXBuildFile; fileRef = D04FC04428F8955C0065BF1A /* Stripe3DS2.xcframework */; };
		D04FC04D28F895770065BF1A /* Stripe3DS2.xcframework in Embed Frameworks */ = {isa = PBXBuildFile; fileRef = D04FC04428F8955C0065BF1A /* Stripe3DS2.xcframework */; settings = {ATTRIBUTES = (CodeSignOnCopy, RemoveHeadersOnCopy, ); }; };
		D04FC04E28F895790065BF1A /* StripeApplePay.xcframework in Frameworks */ = {isa = PBXBuildFile; fileRef = D04FC03B28F894C40065BF1A /* StripeApplePay.xcframework */; };
		D04FC04F28F895790065BF1A /* StripeApplePay.xcframework in Embed Frameworks */ = {isa = PBXBuildFile; fileRef = D04FC03B28F894C40065BF1A /* StripeApplePay.xcframework */; settings = {ATTRIBUTES = (CodeSignOnCopy, RemoveHeadersOnCopy, ); }; };
		D04FC05028F8957B0065BF1A /* StripeCore.xcframework in Frameworks */ = {isa = PBXBuildFile; fileRef = D04FC04128F895540065BF1A /* StripeCore.xcframework */; };
		D04FC05128F8957B0065BF1A /* StripeCore.xcframework in Embed Frameworks */ = {isa = PBXBuildFile; fileRef = D04FC04128F895540065BF1A /* StripeCore.xcframework */; settings = {ATTRIBUTES = (CodeSignOnCopy, RemoveHeadersOnCopy, ); }; };
		D04FC05228F8957E0065BF1A /* StripeUICore.xcframework in Frameworks */ = {isa = PBXBuildFile; fileRef = D04FC03E28F895460065BF1A /* StripeUICore.xcframework */; };
		D04FC05328F8957E0065BF1A /* StripeUICore.xcframework in Embed Frameworks */ = {isa = PBXBuildFile; fileRef = D04FC03E28F895460065BF1A /* StripeUICore.xcframework */; settings = {ATTRIBUTES = (CodeSignOnCopy, RemoveHeadersOnCopy, ); }; };
		D0697BE92A86E0F7004D59D6 /* CvvTokenViewController.swift in Sources */ = {isa = PBXBuildFile; fileRef = D0697BE82A86E0F7004D59D6 /* CvvTokenViewController.swift */; };
		D0697BEA2A86E0F7004D59D6 /* CvvTokenViewController.swift in Sources */ = {isa = PBXBuildFile; fileRef = D0697BE82A86E0F7004D59D6 /* CvvTokenViewController.swift */; };
		D0697BEE2A86E1B0004D59D6 /* CardInputViewController.swift in Sources */ = {isa = PBXBuildFile; fileRef = D0697BED2A86E1B0004D59D6 /* CardInputViewController.swift */; };
		D0697BEF2A86E1B0004D59D6 /* CardInputViewController.swift in Sources */ = {isa = PBXBuildFile; fileRef = D0697BED2A86E1B0004D59D6 /* CardInputViewController.swift */; };
		D0697BF12A86E21C004D59D6 /* MainViewController.swift in Sources */ = {isa = PBXBuildFile; fileRef = D0697BF02A86E21C004D59D6 /* MainViewController.swift */; };
		D0697BF22A86E21C004D59D6 /* MainViewController.swift in Sources */ = {isa = PBXBuildFile; fileRef = D0697BF02A86E21C004D59D6 /* MainViewController.swift */; };
		D0697BF52A86E26E004D59D6 /* ApplePayViewController.swift in Sources */ = {isa = PBXBuildFile; fileRef = D0697BF42A86E26E004D59D6 /* ApplePayViewController.swift */; };
		D0697BF62A86E26E004D59D6 /* ApplePayViewController.swift in Sources */ = {isa = PBXBuildFile; fileRef = D0697BF42A86E26E004D59D6 /* ApplePayViewController.swift */; };
		D0697BF92A8752EC004D59D6 /* LogViewController.swift in Sources */ = {isa = PBXBuildFile; fileRef = D0697BF82A8752EC004D59D6 /* LogViewController.swift */; };
		D0697BFA2A8752EC004D59D6 /* LogViewController.swift in Sources */ = {isa = PBXBuildFile; fileRef = D0697BF82A8752EC004D59D6 /* LogViewController.swift */; };
		D0697BFF2A8B4E79004D59D6 /* CvvTokenViewModel.swift in Sources */ = {isa = PBXBuildFile; fileRef = D0697BFE2A8B4E79004D59D6 /* CvvTokenViewModel.swift */; };
		D0697C002A8B4E79004D59D6 /* CvvTokenViewModel.swift in Sources */ = {isa = PBXBuildFile; fileRef = D0697BFE2A8B4E79004D59D6 /* CvvTokenViewModel.swift */; };
		D0697C032A8B5454004D59D6 /* LogViewModel.swift in Sources */ = {isa = PBXBuildFile; fileRef = D0697C022A8B5454004D59D6 /* LogViewModel.swift */; };
		D0697C042A8B5454004D59D6 /* LogViewModel.swift in Sources */ = {isa = PBXBuildFile; fileRef = D0697C022A8B5454004D59D6 /* LogViewModel.swift */; };
		D0697C062A8B589D004D59D6 /* CardInputViewModel.swift in Sources */ = {isa = PBXBuildFile; fileRef = D0697C052A8B589D004D59D6 /* CardInputViewModel.swift */; };
		D0697C072A8B589D004D59D6 /* CardInputViewModel.swift in Sources */ = {isa = PBXBuildFile; fileRef = D0697C052A8B589D004D59D6 /* CardInputViewModel.swift */; };
		D0697C092A8B5ACB004D59D6 /* ApplePayViewModel.swift in Sources */ = {isa = PBXBuildFile; fileRef = D0697C082A8B5ACB004D59D6 /* ApplePayViewModel.swift */; };
		D0697C0A2A8B5ACB004D59D6 /* ApplePayViewModel.swift in Sources */ = {isa = PBXBuildFile; fileRef = D0697C082A8B5ACB004D59D6 /* ApplePayViewModel.swift */; };
		D073212626995F41007353E5 /* HttpMethod.swift in Sources */ = {isa = PBXBuildFile; fileRef = D073212526995F41007353E5 /* HttpMethod.swift */; };
		D073212726995F41007353E5 /* HttpMethod.swift in Sources */ = {isa = PBXBuildFile; fileRef = D073212526995F41007353E5 /* HttpMethod.swift */; };
		D073212D26996999007353E5 /* Product.swift in Sources */ = {isa = PBXBuildFile; fileRef = D073212C26996999007353E5 /* Product.swift */; };
		D073212E26996999007353E5 /* Product.swift in Sources */ = {isa = PBXBuildFile; fileRef = D073212C26996999007353E5 /* Product.swift */; };
		D07321312699725A007353E5 /* OloApiClientExtensions.swift in Sources */ = {isa = PBXBuildFile; fileRef = D07321302699725A007353E5 /* OloApiClientExtensions.swift */; };
		D07321322699725A007353E5 /* OloApiClientExtensions.swift in Sources */ = {isa = PBXBuildFile; fileRef = D07321302699725A007353E5 /* OloApiClientExtensions.swift */; };
		D0732134269988F6007353E5 /* Order.swift in Sources */ = {isa = PBXBuildFile; fileRef = D0732133269988F6007353E5 /* Order.swift */; };
		D0732135269988F6007353E5 /* Order.swift in Sources */ = {isa = PBXBuildFile; fileRef = D0732133269988F6007353E5 /* Order.swift */; };
		D073213A269C840C007353E5 /* Dev.xcconfig in Resources */ = {isa = PBXBuildFile; fileRef = D0732137269C840C007353E5 /* Dev.xcconfig */; };
		D073213B269C840C007353E5 /* Production.xcconfig in Resources */ = {isa = PBXBuildFile; fileRef = D0732138269C840C007353E5 /* Production.xcconfig */; };
		D073213E269C88F2007353E5 /* ConfigUtils.swift in Sources */ = {isa = PBXBuildFile; fileRef = D073213D269C88F2007353E5 /* ConfigUtils.swift */; };
		D073213F269C88F2007353E5 /* ConfigUtils.swift in Sources */ = {isa = PBXBuildFile; fileRef = D073213D269C88F2007353E5 /* ConfigUtils.swift */; };
		D07370D926CE1DAC005B9556 /* UITestingIdentifiers.swift in Sources */ = {isa = PBXBuildFile; fileRef = D07370D826CE1DAC005B9556 /* UITestingIdentifiers.swift */; };
		D07370DA26CE1DAC005B9556 /* UITestingIdentifiers.swift in Sources */ = {isa = PBXBuildFile; fileRef = D07370D826CE1DAC005B9556 /* UITestingIdentifiers.swift */; };
		D0C256542697622700792F44 /* SettingsViewController.swift in Sources */ = {isa = PBXBuildFile; fileRef = D0C256532697622700792F44 /* SettingsViewController.swift */; };
		D0C256552697622700792F44 /* SettingsViewController.swift in Sources */ = {isa = PBXBuildFile; fileRef = D0C256532697622700792F44 /* SettingsViewController.swift */; };
		D0C2565C26978C9400792F44 /* TestHarnessSettings.swift in Sources */ = {isa = PBXBuildFile; fileRef = D0C2565B26978C9400792F44 /* TestHarnessSettings.swift */; };
		D0C2565D26978C9400792F44 /* TestHarnessSettings.swift in Sources */ = {isa = PBXBuildFile; fileRef = D0C2565B26978C9400792F44 /* TestHarnessSettings.swift */; };
		D0C2566726980BA200792F44 /* OloApiClient.swift in Sources */ = {isa = PBXBuildFile; fileRef = D0C2566626980BA200792F44 /* OloApiClient.swift */; };
		D0C2566826980BA200792F44 /* OloApiClient.swift in Sources */ = {isa = PBXBuildFile; fileRef = D0C2566626980BA200792F44 /* OloApiClient.swift */; };
		D0C2566C26981F3700792F44 /* Basket.swift in Sources */ = {isa = PBXBuildFile; fileRef = D0C2566B26981F3700792F44 /* Basket.swift */; };
		D0C2566D26981F3700792F44 /* Basket.swift in Sources */ = {isa = PBXBuildFile; fileRef = D0C2566B26981F3700792F44 /* Basket.swift */; };
		D0C2566F2698232300792F44 /* ThreadHelpers.swift in Sources */ = {isa = PBXBuildFile; fileRef = D0C2566E2698232300792F44 /* ThreadHelpers.swift */; };
		D0C256702698232300792F44 /* ThreadHelpers.swift in Sources */ = {isa = PBXBuildFile; fileRef = D0C2566E2698232300792F44 /* ThreadHelpers.swift */; };
		D0D77ACF2903294E006FAFB7 /* Stripe.xcframework in Frameworks */ = {isa = PBXBuildFile; fileRef = D04FC04728F895680065BF1A /* Stripe.xcframework */; };
		D0D77AD02903294E006FAFB7 /* Stripe.xcframework in Embed Frameworks */ = {isa = PBXBuildFile; fileRef = D04FC04728F895680065BF1A /* Stripe.xcframework */; settings = {ATTRIBUTES = (CodeSignOnCopy, RemoveHeadersOnCopy, ); }; };
		D0D77AD329032950006FAFB7 /* Stripe3DS2.xcframework in Frameworks */ = {isa = PBXBuildFile; fileRef = D04FC04428F8955C0065BF1A /* Stripe3DS2.xcframework */; };
		D0D77AD429032950006FAFB7 /* Stripe3DS2.xcframework in Embed Frameworks */ = {isa = PBXBuildFile; fileRef = D04FC04428F8955C0065BF1A /* Stripe3DS2.xcframework */; settings = {ATTRIBUTES = (CodeSignOnCopy, RemoveHeadersOnCopy, ); }; };
		D0D77AD529032952006FAFB7 /* StripeApplePay.xcframework in Frameworks */ = {isa = PBXBuildFile; fileRef = D04FC03B28F894C40065BF1A /* StripeApplePay.xcframework */; };
		D0D77AD629032952006FAFB7 /* StripeApplePay.xcframework in Embed Frameworks */ = {isa = PBXBuildFile; fileRef = D04FC03B28F894C40065BF1A /* StripeApplePay.xcframework */; settings = {ATTRIBUTES = (CodeSignOnCopy, RemoveHeadersOnCopy, ); }; };
		D0D77AD729032954006FAFB7 /* StripeCore.xcframework in Frameworks */ = {isa = PBXBuildFile; fileRef = D04FC04128F895540065BF1A /* StripeCore.xcframework */; };
		D0D77AD829032954006FAFB7 /* StripeCore.xcframework in Embed Frameworks */ = {isa = PBXBuildFile; fileRef = D04FC04128F895540065BF1A /* StripeCore.xcframework */; settings = {ATTRIBUTES = (CodeSignOnCopy, RemoveHeadersOnCopy, ); }; };
		D0D77AD929032956006FAFB7 /* StripeUICore.xcframework in Frameworks */ = {isa = PBXBuildFile; fileRef = D04FC03E28F895460065BF1A /* StripeUICore.xcframework */; };
		D0D77ADA29032956006FAFB7 /* StripeUICore.xcframework in Embed Frameworks */ = {isa = PBXBuildFile; fileRef = D04FC03E28F895460065BF1A /* StripeUICore.xcframework */; settings = {ATTRIBUTES = (CodeSignOnCopy, RemoveHeadersOnCopy, ); }; };
		D0E52A94293E52D8007FCABB /* StripePayments.xcframework in Frameworks */ = {isa = PBXBuildFile; fileRef = D0677C5C293AC0C200ECE164 /* StripePayments.xcframework */; };
		D0E52A95293E52D8007FCABB /* StripePayments.xcframework in Embed Frameworks */ = {isa = PBXBuildFile; fileRef = D0677C5C293AC0C200ECE164 /* StripePayments.xcframework */; settings = {ATTRIBUTES = (CodeSignOnCopy, RemoveHeadersOnCopy, ); }; };
		D0E52A98293E52DA007FCABB /* StripePaymentsUI.xcframework in Frameworks */ = {isa = PBXBuildFile; fileRef = D0677C5F293AC0C200ECE164 /* StripePaymentsUI.xcframework */; };
		D0E52A99293E52DA007FCABB /* StripePaymentsUI.xcframework in Embed Frameworks */ = {isa = PBXBuildFile; fileRef = D0677C5F293AC0C200ECE164 /* StripePaymentsUI.xcframework */; settings = {ATTRIBUTES = (CodeSignOnCopy, RemoveHeadersOnCopy, ); }; };
		D0E52A9A293E52E2007FCABB /* StripePayments.xcframework in Frameworks */ = {isa = PBXBuildFile; fileRef = D0677C5C293AC0C200ECE164 /* StripePayments.xcframework */; };
		D0E52A9B293E52E2007FCABB /* StripePayments.xcframework in Embed Frameworks */ = {isa = PBXBuildFile; fileRef = D0677C5C293AC0C200ECE164 /* StripePayments.xcframework */; settings = {ATTRIBUTES = (CodeSignOnCopy, RemoveHeadersOnCopy, ); }; };
		D0E52A9C293E52E4007FCABB /* StripePaymentsUI.xcframework in Frameworks */ = {isa = PBXBuildFile; fileRef = D0677C5F293AC0C200ECE164 /* StripePaymentsUI.xcframework */; };
		D0E52A9D293E52E4007FCABB /* StripePaymentsUI.xcframework in Embed Frameworks */ = {isa = PBXBuildFile; fileRef = D0677C5F293AC0C200ECE164 /* StripePaymentsUI.xcframework */; settings = {ATTRIBUTES = (CodeSignOnCopy, RemoveHeadersOnCopy, ); }; };
		D0F539F8267806E000339DC9 /* AppDelegate.swift in Sources */ = {isa = PBXBuildFile; fileRef = 0620CFF6265C296E000C1A92 /* AppDelegate.swift */; };
		D0F539F9267806E000339DC9 /* SceneDelegate.swift in Sources */ = {isa = PBXBuildFile; fileRef = 0620CFF8265C296E000C1A92 /* SceneDelegate.swift */; };
		D0F539FD267806E000339DC9 /* LaunchScreen.storyboard in Resources */ = {isa = PBXBuildFile; fileRef = 0620D001265C296E000C1A92 /* LaunchScreen.storyboard */; };
		D0F539FE267806E000339DC9 /* Assets.xcassets in Resources */ = {isa = PBXBuildFile; fileRef = 0620CFFF265C296E000C1A92 /* Assets.xcassets */; };
		D0F53A00267806E000339DC9 /* exportOptions.plist in Resources */ = {isa = PBXBuildFile; fileRef = 0637640426711521006F4BB5 /* exportOptions.plist */; };
/* End PBXBuildFile section */

/* Begin PBXContainerItemProxy section */
		D0C9B99D2881B6B3000F0CB0 /* PBXContainerItemProxy */ = {
			isa = PBXContainerItemProxy;
			containerPortal = D0C9B9972881B6B3000F0CB0 /* OloPaySDK.xcodeproj */;
			proxyType = 2;
			remoteGlobalIDString = 065C04A1263B3DAF002D9AF0;
			remoteInfo = OloPaySDK;
		};
		D0C9B9A12881B6B3000F0CB0 /* PBXContainerItemProxy */ = {
			isa = PBXContainerItemProxy;
			containerPortal = D0C9B9972881B6B3000F0CB0 /* OloPaySDK.xcodeproj */;
			proxyType = 2;
			remoteGlobalIDString = D00EF3822746D9EE00BDA729;
			remoteInfo = OloPaySDKTests;
		};
/* End PBXContainerItemProxy section */

/* Begin PBXCopyFilesBuildPhase section */
		0620D03C265C2D90000C1A92 /* Embed Frameworks */ = {
			isa = PBXCopyFilesBuildPhase;
			buildActionMask = 2147483647;
			dstPath = "";
			dstSubfolderSpec = 10;
			files = (
				D04FC04F28F895790065BF1A /* StripeApplePay.xcframework in Embed Frameworks */,
				D0E52A99293E52DA007FCABB /* StripePaymentsUI.xcframework in Embed Frameworks */,
				D0E52A95293E52D8007FCABB /* StripePayments.xcframework in Embed Frameworks */,
				D04FC05128F8957B0065BF1A /* StripeCore.xcframework in Embed Frameworks */,
				D04FC04B28F895750065BF1A /* Stripe.xcframework in Embed Frameworks */,
				D04FC04D28F895770065BF1A /* Stripe3DS2.xcframework in Embed Frameworks */,
				D04B130228A2CF4200A79092 /* OloPaySDK.framework in Embed Frameworks */,
				D04FC05328F8957E0065BF1A /* StripeUICore.xcframework in Embed Frameworks */,
			);
			name = "Embed Frameworks";
			runOnlyForDeploymentPostprocessing = 0;
		};
		D0F53A122678095500339DC9 /* Embed Frameworks */ = {
			isa = PBXCopyFilesBuildPhase;
			buildActionMask = 2147483647;
			dstPath = "";
			dstSubfolderSpec = 10;
			files = (
				D0D77AD629032952006FAFB7 /* StripeApplePay.xcframework in Embed Frameworks */,
				D0E52A9D293E52E4007FCABB /* StripePaymentsUI.xcframework in Embed Frameworks */,
				D0E52A9B293E52E2007FCABB /* StripePayments.xcframework in Embed Frameworks */,
				D0D77AD829032954006FAFB7 /* StripeCore.xcframework in Embed Frameworks */,
				D0D77AD02903294E006FAFB7 /* Stripe.xcframework in Embed Frameworks */,
				D0D77AD429032950006FAFB7 /* Stripe3DS2.xcframework in Embed Frameworks */,
				D04B130428A2CF4F00A79092 /* OloPaySDK.framework in Embed Frameworks */,
				D0D77ADA29032956006FAFB7 /* StripeUICore.xcframework in Embed Frameworks */,
			);
			name = "Embed Frameworks";
			runOnlyForDeploymentPostprocessing = 0;
		};
/* End PBXCopyFilesBuildPhase section */

/* Begin PBXFileReference section */
		0620CFF3265C296E000C1A92 /* OloPaySDKTestHarness.app */ = {isa = PBXFileReference; explicitFileType = wrapper.application; includeInIndex = 0; path = OloPaySDKTestHarness.app; sourceTree = BUILT_PRODUCTS_DIR; };
		0620CFF6265C296E000C1A92 /* AppDelegate.swift */ = {isa = PBXFileReference; lastKnownFileType = sourcecode.swift; path = AppDelegate.swift; sourceTree = "<group>"; };
		0620CFF8265C296E000C1A92 /* SceneDelegate.swift */ = {isa = PBXFileReference; lastKnownFileType = sourcecode.swift; path = SceneDelegate.swift; sourceTree = "<group>"; };
		0620CFFF265C296E000C1A92 /* Assets.xcassets */ = {isa = PBXFileReference; lastKnownFileType = folder.assetcatalog; path = Assets.xcassets; sourceTree = "<group>"; };
		0620D002265C296E000C1A92 /* Base */ = {isa = PBXFileReference; lastKnownFileType = file.storyboard; name = Base; path = Base.lproj/LaunchScreen.storyboard; sourceTree = "<group>"; };
		0620D004265C296E000C1A92 /* Info.plist */ = {isa = PBXFileReference; lastKnownFileType = text.plist.xml; path = Info.plist; sourceTree = "<group>"; };
		0637640426711521006F4BB5 /* exportOptions.plist */ = {isa = PBXFileReference; lastKnownFileType = text.plist.xml; path = exportOptions.plist; sourceTree = "<group>"; };
		06689A6F268133F600B7C877 /* OloPaySDKTestHarness.entitlements */ = {isa = PBXFileReference; lastKnownFileType = text.plist.entitlements; path = OloPaySDKTestHarness.entitlements; sourceTree = "<group>"; };
		D041D65F2ADD681B0062338C /* User.swift */ = {isa = PBXFileReference; lastKnownFileType = sourcecode.swift; path = User.swift; sourceTree = "<group>"; };
		D041D6622ADD695C0062338C /* LoggedInUser.swift */ = {isa = PBXFileReference; lastKnownFileType = sourcecode.swift; path = LoggedInUser.swift; sourceTree = "<group>"; };
		D041D6652ADD71EF0062338C /* PaymentType.swift */ = {isa = PBXFileReference; lastKnownFileType = sourcecode.swift; path = PaymentType.swift; sourceTree = "<group>"; };
		D041D6682ADD935B0062338C /* BillingAccount.swift */ = {isa = PBXFileReference; lastKnownFileType = sourcecode.swift; path = BillingAccount.swift; sourceTree = "<group>"; };
		D041D66B2ADDB38E0062338C /* BillingAccounts.swift */ = {isa = PBXFileReference; lastKnownFileType = sourcecode.swift; path = BillingAccounts.swift; sourceTree = "<group>"; };
		D04FC03B28F894C40065BF1A /* StripeApplePay.xcframework */ = {isa = PBXFileReference; lastKnownFileType = wrapper.xcframework; name = StripeApplePay.xcframework; path = ../../../Carthage/Build/StripeApplePay.xcframework; sourceTree = "<group>"; };
		D04FC03E28F895460065BF1A /* StripeUICore.xcframework */ = {isa = PBXFileReference; lastKnownFileType = wrapper.xcframework; name = StripeUICore.xcframework; path = ../../../Carthage/Build/StripeUICore.xcframework; sourceTree = "<group>"; };
		D04FC04128F895540065BF1A /* StripeCore.xcframework */ = {isa = PBXFileReference; lastKnownFileType = wrapper.xcframework; name = StripeCore.xcframework; path = ../../../Carthage/Build/StripeCore.xcframework; sourceTree = "<group>"; };
		D04FC04428F8955C0065BF1A /* Stripe3DS2.xcframework */ = {isa = PBXFileReference; lastKnownFileType = wrapper.xcframework; name = Stripe3DS2.xcframework; path = ../../../Carthage/Build/Stripe3DS2.xcframework; sourceTree = "<group>"; };
		D04FC04728F895680065BF1A /* Stripe.xcframework */ = {isa = PBXFileReference; lastKnownFileType = wrapper.xcframework; name = Stripe.xcframework; path = ../../../Carthage/Build/Stripe.xcframework; sourceTree = "<group>"; };
		D0677C5C293AC0C200ECE164 /* StripePayments.xcframework */ = {isa = PBXFileReference; lastKnownFileType = wrapper.xcframework; name = StripePayments.xcframework; path = ../../../Carthage/Build/StripePayments.xcframework; sourceTree = "<group>"; };
		D0677C5F293AC0C200ECE164 /* StripePaymentsUI.xcframework */ = {isa = PBXFileReference; lastKnownFileType = wrapper.xcframework; name = StripePaymentsUI.xcframework; path = ../../../Carthage/Build/StripePaymentsUI.xcframework; sourceTree = "<group>"; };
		D0697BE82A86E0F7004D59D6 /* CvvTokenViewController.swift */ = {isa = PBXFileReference; lastKnownFileType = sourcecode.swift; path = CvvTokenViewController.swift; sourceTree = "<group>"; };
		D0697BED2A86E1B0004D59D6 /* CardInputViewController.swift */ = {isa = PBXFileReference; lastKnownFileType = sourcecode.swift; path = CardInputViewController.swift; sourceTree = "<group>"; };
		D0697BF02A86E21C004D59D6 /* MainViewController.swift */ = {isa = PBXFileReference; lastKnownFileType = sourcecode.swift; path = MainViewController.swift; sourceTree = "<group>"; };
		D0697BF42A86E26E004D59D6 /* ApplePayViewController.swift */ = {isa = PBXFileReference; lastKnownFileType = sourcecode.swift; path = ApplePayViewController.swift; sourceTree = "<group>"; };
		D0697BF82A8752EC004D59D6 /* LogViewController.swift */ = {isa = PBXFileReference; lastKnownFileType = sourcecode.swift; path = LogViewController.swift; sourceTree = "<group>"; };
		D0697BFE2A8B4E79004D59D6 /* CvvTokenViewModel.swift */ = {isa = PBXFileReference; lastKnownFileType = sourcecode.swift; path = CvvTokenViewModel.swift; sourceTree = "<group>"; };
		D0697C022A8B5454004D59D6 /* LogViewModel.swift */ = {isa = PBXFileReference; lastKnownFileType = sourcecode.swift; path = LogViewModel.swift; sourceTree = "<group>"; };
		D0697C052A8B589D004D59D6 /* CardInputViewModel.swift */ = {isa = PBXFileReference; lastKnownFileType = sourcecode.swift; path = CardInputViewModel.swift; sourceTree = "<group>"; };
		D0697C082A8B5ACB004D59D6 /* ApplePayViewModel.swift */ = {isa = PBXFileReference; lastKnownFileType = sourcecode.swift; path = ApplePayViewModel.swift; sourceTree = "<group>"; };
		D073212526995F41007353E5 /* HttpMethod.swift */ = {isa = PBXFileReference; lastKnownFileType = sourcecode.swift; path = HttpMethod.swift; sourceTree = "<group>"; };
		D073212C26996999007353E5 /* Product.swift */ = {isa = PBXFileReference; lastKnownFileType = sourcecode.swift; path = Product.swift; sourceTree = "<group>"; };
		D07321302699725A007353E5 /* OloApiClientExtensions.swift */ = {isa = PBXFileReference; lastKnownFileType = sourcecode.swift; path = OloApiClientExtensions.swift; sourceTree = "<group>"; };
		D0732133269988F6007353E5 /* Order.swift */ = {isa = PBXFileReference; lastKnownFileType = sourcecode.swift; path = Order.swift; sourceTree = "<group>"; };
		D0732137269C840C007353E5 /* Dev.xcconfig */ = {isa = PBXFileReference; fileEncoding = 4; lastKnownFileType = text.xcconfig; path = Dev.xcconfig; sourceTree = "<group>"; };
		D0732138269C840C007353E5 /* Production.xcconfig */ = {isa = PBXFileReference; fileEncoding = 4; lastKnownFileType = text.xcconfig; path = Production.xcconfig; sourceTree = "<group>"; };
		D073213D269C88F2007353E5 /* ConfigUtils.swift */ = {isa = PBXFileReference; lastKnownFileType = sourcecode.swift; path = ConfigUtils.swift; sourceTree = "<group>"; };
		D07370D826CE1DAC005B9556 /* UITestingIdentifiers.swift */ = {isa = PBXFileReference; lastKnownFileType = sourcecode.swift; path = UITestingIdentifiers.swift; sourceTree = "<group>"; };
		D0B52A37267A8BA700EECEB3 /* OloPaySDKTestHarness.entitlements */ = {isa = PBXFileReference; lastKnownFileType = text.plist.entitlements; path = OloPaySDKTestHarness.entitlements; sourceTree = "<group>"; };
		D0C256532697622700792F44 /* SettingsViewController.swift */ = {isa = PBXFileReference; lastKnownFileType = sourcecode.swift; path = SettingsViewController.swift; sourceTree = "<group>"; };
		D0C2565B26978C9400792F44 /* TestHarnessSettings.swift */ = {isa = PBXFileReference; lastKnownFileType = sourcecode.swift; path = TestHarnessSettings.swift; sourceTree = "<group>"; };
		D0C2566626980BA200792F44 /* OloApiClient.swift */ = {isa = PBXFileReference; lastKnownFileType = sourcecode.swift; path = OloApiClient.swift; sourceTree = "<group>"; };
		D0C2566B26981F3700792F44 /* Basket.swift */ = {isa = PBXFileReference; lastKnownFileType = sourcecode.swift; path = Basket.swift; sourceTree = "<group>"; };
		D0C2566E2698232300792F44 /* ThreadHelpers.swift */ = {isa = PBXFileReference; lastKnownFileType = sourcecode.swift; path = ThreadHelpers.swift; sourceTree = "<group>"; };
		D0C9B9972881B6B3000F0CB0 /* OloPaySDK.xcodeproj */ = {isa = PBXFileReference; lastKnownFileType = "wrapper.pb-project"; name = OloPaySDK.xcodeproj; path = ../../OloPaySDK/OloPaySDK.xcodeproj; sourceTree = "<group>"; };
		D0F53A06267806E000339DC9 /* OloPaySDKTestHarness.app */ = {isa = PBXFileReference; explicitFileType = wrapper.application; includeInIndex = 0; path = OloPaySDKTestHarness.app; sourceTree = BUILT_PRODUCTS_DIR; };
/* End PBXFileReference section */

/* Begin PBXFrameworksBuildPhase section */
		0620CFF0265C296E000C1A92 /* Frameworks */ = {
			isa = PBXFrameworksBuildPhase;
			buildActionMask = 2147483647;
			files = (
				D04B130128A2CF4200A79092 /* OloPaySDK.framework in Frameworks */,
				D0E52A98293E52DA007FCABB /* StripePaymentsUI.xcframework in Frameworks */,
				D0E52A94293E52D8007FCABB /* StripePayments.xcframework in Frameworks */,
				D04FC05028F8957B0065BF1A /* StripeCore.xcframework in Frameworks */,
				D04FC04E28F895790065BF1A /* StripeApplePay.xcframework in Frameworks */,
				D04FC04A28F895750065BF1A /* Stripe.xcframework in Frameworks */,
				D04FC04C28F895770065BF1A /* Stripe3DS2.xcframework in Frameworks */,
				D04FC05228F8957E0065BF1A /* StripeUICore.xcframework in Frameworks */,
			);
			runOnlyForDeploymentPostprocessing = 0;
		};
		D0F539FA267806E000339DC9 /* Frameworks */ = {
			isa = PBXFrameworksBuildPhase;
			buildActionMask = 2147483647;
			files = (
				D04B130328A2CF4F00A79092 /* OloPaySDK.framework in Frameworks */,
				D0E52A9C293E52E4007FCABB /* StripePaymentsUI.xcframework in Frameworks */,
				D0E52A9A293E52E2007FCABB /* StripePayments.xcframework in Frameworks */,
				D0D77AD729032954006FAFB7 /* StripeCore.xcframework in Frameworks */,
				D0D77AD529032952006FAFB7 /* StripeApplePay.xcframework in Frameworks */,
				D0D77ACF2903294E006FAFB7 /* Stripe.xcframework in Frameworks */,
				D0D77AD329032950006FAFB7 /* Stripe3DS2.xcframework in Frameworks */,
				D0D77AD929032956006FAFB7 /* StripeUICore.xcframework in Frameworks */,
			);
			runOnlyForDeploymentPostprocessing = 0;
		};
/* End PBXFrameworksBuildPhase section */

/* Begin PBXGroup section */
		0620CFEA265C296E000C1A92 = {
			isa = PBXGroup;
			children = (
				D0B52A37267A8BA700EECEB3 /* OloPaySDKTestHarness.entitlements */,
				0620CFF5265C296E000C1A92 /* OloPaySDKTestHarness */,
				0620CFF4265C296E000C1A92 /* Products */,
				D0A82AC92677FE4D00370561 /* Frameworks */,
			);
			sourceTree = "<group>";
		};
		0620CFF4265C296E000C1A92 /* Products */ = {
			isa = PBXGroup;
			children = (
				0620CFF3265C296E000C1A92 /* OloPaySDKTestHarness.app */,
				D0F53A06267806E000339DC9 /* OloPaySDKTestHarness.app */,
			);
			name = Products;
			sourceTree = "<group>";
		};
		0620CFF5265C296E000C1A92 /* OloPaySDKTestHarness */ = {
			isa = PBXGroup;
			children = (
				D0697C0B2A8BD340004D59D6 /* Models */,
				D0697C012A8B53D8004D59D6 /* ViewControllers */,
				D0697BE72A86E0A9004D59D6 /* ViewModels */,
				D0732136269C838E007353E5 /* Storage */,
				D0C2566A26981F1000792F44 /* OloApi */,
				06689A6F268133F600B7C877 /* OloPaySDKTestHarness.entitlements */,
				0620CFF6265C296E000C1A92 /* AppDelegate.swift */,
				0620CFF8265C296E000C1A92 /* SceneDelegate.swift */,
				0620CFFF265C296E000C1A92 /* Assets.xcassets */,
				0620D001265C296E000C1A92 /* LaunchScreen.storyboard */,
				0620D004265C296E000C1A92 /* Info.plist */,
				0637640426711521006F4BB5 /* exportOptions.plist */,
				D0C2566E2698232300792F44 /* ThreadHelpers.swift */,
				D07370D826CE1DAC005B9556 /* UITestingIdentifiers.swift */,
			);
			path = OloPaySDKTestHarness;
			sourceTree = "<group>";
		};
		D041D65C2ADD657A0062338C /* Entities */ = {
			isa = PBXGroup;
			children = (
				D0732133269988F6007353E5 /* Order.swift */,
				D073212C26996999007353E5 /* Product.swift */,
				D0C2566B26981F3700792F44 /* Basket.swift */,
				D041D65F2ADD681B0062338C /* User.swift */,
				D041D6622ADD695C0062338C /* LoggedInUser.swift */,
				D041D6682ADD935B0062338C /* BillingAccount.swift */,
				D041D66B2ADDB38E0062338C /* BillingAccounts.swift */,
			);
			path = Entities;
			sourceTree = "<group>";
		};
		D0697BE72A86E0A9004D59D6 /* ViewModels */ = {
			isa = PBXGroup;
			children = (
				D0697BFE2A8B4E79004D59D6 /* CvvTokenViewModel.swift */,
				D0697C022A8B5454004D59D6 /* LogViewModel.swift */,
				D0697C052A8B589D004D59D6 /* CardInputViewModel.swift */,
				D0697C082A8B5ACB004D59D6 /* ApplePayViewModel.swift */,
			);
			path = ViewModels;
			sourceTree = "<group>";
		};
		D0697C012A8B53D8004D59D6 /* ViewControllers */ = {
			isa = PBXGroup;
			children = (
				D0697BF82A8752EC004D59D6 /* LogViewController.swift */,
				D0697BF02A86E21C004D59D6 /* MainViewController.swift */,
				D0C256532697622700792F44 /* SettingsViewController.swift */,
				D0697BF42A86E26E004D59D6 /* ApplePayViewController.swift */,
				D0697BED2A86E1B0004D59D6 /* CardInputViewController.swift */,
				D0697BE82A86E0F7004D59D6 /* CvvTokenViewController.swift */,
			);
			path = ViewControllers;
			sourceTree = "<group>";
		};
		D0697C0B2A8BD340004D59D6 /* Models */ = {
			isa = PBXGroup;
			children = (
				D0C2565B26978C9400792F44 /* TestHarnessSettings.swift */,
			);
			path = Models;
			sourceTree = "<group>";
		};
		D0732136269C838E007353E5 /* Storage */ = {
			isa = PBXGroup;
			children = (
				D0732137269C840C007353E5 /* Dev.xcconfig */,
				D0732138269C840C007353E5 /* Production.xcconfig */,
				D073213D269C88F2007353E5 /* ConfigUtils.swift */,
			);
			path = Storage;
			sourceTree = "<group>";
		};
		D0A82AC92677FE4D00370561 /* Frameworks */ = {
			isa = PBXGroup;
			children = (
				D0677C5C293AC0C200ECE164 /* StripePayments.xcframework */,
				D0677C5F293AC0C200ECE164 /* StripePaymentsUI.xcframework */,
				D04FC03B28F894C40065BF1A /* StripeApplePay.xcframework */,
				D04FC03E28F895460065BF1A /* StripeUICore.xcframework */,
				D04FC04128F895540065BF1A /* StripeCore.xcframework */,
				D04FC04428F8955C0065BF1A /* Stripe3DS2.xcframework */,
				D04FC04728F895680065BF1A /* Stripe.xcframework */,
				D0C9B9972881B6B3000F0CB0 /* OloPaySDK.xcodeproj */,
			);
			name = Frameworks;
			sourceTree = "<group>";
		};
		D0C2566A26981F1000792F44 /* OloApi */ = {
			isa = PBXGroup;
			children = (
				D041D65C2ADD657A0062338C /* Entities */,
				D0C2566626980BA200792F44 /* OloApiClient.swift */,
				D073212526995F41007353E5 /* HttpMethod.swift */,
				D07321302699725A007353E5 /* OloApiClientExtensions.swift */,
				D041D6652ADD71EF0062338C /* PaymentType.swift */,
			);
			path = OloApi;
			sourceTree = "<group>";
		};
		D0C9B9982881B6B3000F0CB0 /* Products */ = {
			isa = PBXGroup;
			children = (
				D0C9B99E2881B6B3000F0CB0 /* OloPaySDK.framework */,
				D0C9B9A22881B6B3000F0CB0 /* OloPaySDKTests.xctest */,
			);
			name = Products;
			sourceTree = "<group>";
		};
/* End PBXGroup section */

/* Begin PBXNativeTarget section */
		0620CFF2265C296E000C1A92 /* OloPaySDKTestHarness */ = {
			isa = PBXNativeTarget;
			buildConfigurationList = 0620D007265C296E000C1A92 /* Build configuration list for PBXNativeTarget "OloPaySDKTestHarness" */;
			buildPhases = (
				0620CFEF265C296E000C1A92 /* Sources */,
				0620CFF0265C296E000C1A92 /* Frameworks */,
				0620CFF1265C296E000C1A92 /* Resources */,
				0620D03C265C2D90000C1A92 /* Embed Frameworks */,
			);
			buildRules = (
			);
			dependencies = (
			);
			name = OloPaySDKTestHarness;
			productName = OloPaySDKTestHarness;
			productReference = 0620CFF3265C296E000C1A92 /* OloPaySDKTestHarness.app */;
			productType = "com.apple.product-type.application";
		};
		D0F539F3267806E000339DC9 /* OloPaySDKTestHarness-Dev */ = {
			isa = PBXNativeTarget;
			buildConfigurationList = D0F53A03267806E000339DC9 /* Build configuration list for PBXNativeTarget "OloPaySDKTestHarness-Dev" */;
			buildPhases = (
				D0F539F6267806E000339DC9 /* Sources */,
				D0F539FA267806E000339DC9 /* Frameworks */,
				D0F539FC267806E000339DC9 /* Resources */,
				D0F53A122678095500339DC9 /* Embed Frameworks */,
			);
			buildRules = (
			);
			dependencies = (
			);
			name = "OloPaySDKTestHarness-Dev";
			productName = OloPaySDKTestHarness;
			productReference = D0F53A06267806E000339DC9 /* OloPaySDKTestHarness.app */;
			productType = "com.apple.product-type.application";
		};
/* End PBXNativeTarget section */

/* Begin PBXProject section */
		0620CFEB265C296E000C1A92 /* Project object */ = {
			isa = PBXProject;
			attributes = {
				LastSwiftUpdateCheck = 1240;
				LastUpgradeCheck = 1240;
				TargetAttributes = {
					0620CFF2265C296E000C1A92 = {
						CreatedOnToolsVersion = 12.4;
					};
				};
			};
			buildConfigurationList = 0620CFEE265C296E000C1A92 /* Build configuration list for PBXProject "OloPaySDKTestHarness" */;
			compatibilityVersion = "Xcode 12.0";
			developmentRegion = en;
			hasScannedForEncodings = 0;
			knownRegions = (
				en,
				Base,
			);
			mainGroup = 0620CFEA265C296E000C1A92;
			productRefGroup = 0620CFF4265C296E000C1A92 /* Products */;
			projectDirPath = "";
			projectReferences = (
				{
					ProductGroup = D0C9B9982881B6B3000F0CB0 /* Products */;
					ProjectRef = D0C9B9972881B6B3000F0CB0 /* OloPaySDK.xcodeproj */;
				},
			);
			projectRoot = "";
			targets = (
				0620CFF2265C296E000C1A92 /* OloPaySDKTestHarness */,
				D0F539F3267806E000339DC9 /* OloPaySDKTestHarness-Dev */,
			);
		};
/* End PBXProject section */

/* Begin PBXReferenceProxy section */
		D0C9B99E2881B6B3000F0CB0 /* OloPaySDK.framework */ = {
			isa = PBXReferenceProxy;
			fileType = wrapper.framework;
			path = OloPaySDK.framework;
			remoteRef = D0C9B99D2881B6B3000F0CB0 /* PBXContainerItemProxy */;
			sourceTree = BUILT_PRODUCTS_DIR;
		};
		D0C9B9A22881B6B3000F0CB0 /* OloPaySDKTests.xctest */ = {
			isa = PBXReferenceProxy;
			fileType = wrapper.cfbundle;
			path = OloPaySDKTests.xctest;
			remoteRef = D0C9B9A12881B6B3000F0CB0 /* PBXContainerItemProxy */;
			sourceTree = BUILT_PRODUCTS_DIR;
		};
/* End PBXReferenceProxy section */

/* Begin PBXResourcesBuildPhase section */
		0620CFF1265C296E000C1A92 /* Resources */ = {
			isa = PBXResourcesBuildPhase;
			buildActionMask = 2147483647;
			files = (
				0620D003265C296E000C1A92 /* LaunchScreen.storyboard in Resources */,
				0620D000265C296E000C1A92 /* Assets.xcassets in Resources */,
				0637640626711876006F4BB5 /* exportOptions.plist in Resources */,
				D073213B269C840C007353E5 /* Production.xcconfig in Resources */,
			);
			runOnlyForDeploymentPostprocessing = 0;
		};
		D0F539FC267806E000339DC9 /* Resources */ = {
			isa = PBXResourcesBuildPhase;
			buildActionMask = 2147483647;
			files = (
				D0F539FD267806E000339DC9 /* LaunchScreen.storyboard in Resources */,
				D0F539FE267806E000339DC9 /* Assets.xcassets in Resources */,
				D073213A269C840C007353E5 /* Dev.xcconfig in Resources */,
				D0F53A00267806E000339DC9 /* exportOptions.plist in Resources */,
			);
			runOnlyForDeploymentPostprocessing = 0;
		};
/* End PBXResourcesBuildPhase section */

/* Begin PBXSourcesBuildPhase section */
		0620CFEF265C296E000C1A92 /* Sources */ = {
			isa = PBXSourcesBuildPhase;
			buildActionMask = 2147483647;
			files = (
				D0C2566726980BA200792F44 /* OloApiClient.swift in Sources */,
				D0697BFF2A8B4E79004D59D6 /* CvvTokenViewModel.swift in Sources */,
				D0697BEE2A86E1B0004D59D6 /* CardInputViewController.swift in Sources */,
				D07321312699725A007353E5 /* OloApiClientExtensions.swift in Sources */,
				D041D66C2ADDB38E0062338C /* BillingAccounts.swift in Sources */,
				D0C2566F2698232300792F44 /* ThreadHelpers.swift in Sources */,
				D041D6632ADD695C0062338C /* LoggedInUser.swift in Sources */,
				D073213E269C88F2007353E5 /* ConfigUtils.swift in Sources */,
				D0697BF92A8752EC004D59D6 /* LogViewController.swift in Sources */,
				D0C2566C26981F3700792F44 /* Basket.swift in Sources */,
				D073212626995F41007353E5 /* HttpMethod.swift in Sources */,
				D0732134269988F6007353E5 /* Order.swift in Sources */,
				D0697BF12A86E21C004D59D6 /* MainViewController.swift in Sources */,
				D041D6662ADD71EF0062338C /* PaymentType.swift in Sources */,
				D0697C032A8B5454004D59D6 /* LogViewModel.swift in Sources */,
				D0697C062A8B589D004D59D6 /* CardInputViewModel.swift in Sources */,
				D041D6692ADD935B0062338C /* BillingAccount.swift in Sources */,
				D0697BF52A86E26E004D59D6 /* ApplePayViewController.swift in Sources */,
				D0697C092A8B5ACB004D59D6 /* ApplePayViewModel.swift in Sources */,
				D0697BE92A86E0F7004D59D6 /* CvvTokenViewController.swift in Sources */,
				0620CFF7265C296E000C1A92 /* AppDelegate.swift in Sources */,
				D0C2565C26978C9400792F44 /* TestHarnessSettings.swift in Sources */,
				D073212D26996999007353E5 /* Product.swift in Sources */,
				D07370D926CE1DAC005B9556 /* UITestingIdentifiers.swift in Sources */,
				0620CFF9265C296E000C1A92 /* SceneDelegate.swift in Sources */,
				D0C256542697622700792F44 /* SettingsViewController.swift in Sources */,
				D041D6602ADD681B0062338C /* User.swift in Sources */,
			);
			runOnlyForDeploymentPostprocessing = 0;
		};
		D0F539F6267806E000339DC9 /* Sources */ = {
			isa = PBXSourcesBuildPhase;
			buildActionMask = 2147483647;
			files = (
				D0C2566826980BA200792F44 /* OloApiClient.swift in Sources */,
				D0697C002A8B4E79004D59D6 /* CvvTokenViewModel.swift in Sources */,
				D0697BEF2A86E1B0004D59D6 /* CardInputViewController.swift in Sources */,
				D07321322699725A007353E5 /* OloApiClientExtensions.swift in Sources */,
				D041D66D2ADDB38E0062338C /* BillingAccounts.swift in Sources */,
				D0C256702698232300792F44 /* ThreadHelpers.swift in Sources */,
				D041D6642ADD695C0062338C /* LoggedInUser.swift in Sources */,
				D073213F269C88F2007353E5 /* ConfigUtils.swift in Sources */,
				D0697BFA2A8752EC004D59D6 /* LogViewController.swift in Sources */,
				D0C2566D26981F3700792F44 /* Basket.swift in Sources */,
				D073212726995F41007353E5 /* HttpMethod.swift in Sources */,
				D0732135269988F6007353E5 /* Order.swift in Sources */,
				D0697BF22A86E21C004D59D6 /* MainViewController.swift in Sources */,
				D041D6672ADD71EF0062338C /* PaymentType.swift in Sources */,
				D0697C042A8B5454004D59D6 /* LogViewModel.swift in Sources */,
				D0697C072A8B589D004D59D6 /* CardInputViewModel.swift in Sources */,
				D041D66A2ADD935B0062338C /* BillingAccount.swift in Sources */,
				D0697BF62A86E26E004D59D6 /* ApplePayViewController.swift in Sources */,
				D0697C0A2A8B5ACB004D59D6 /* ApplePayViewModel.swift in Sources */,
				D0697BEA2A86E0F7004D59D6 /* CvvTokenViewController.swift in Sources */,
				D0F539F8267806E000339DC9 /* AppDelegate.swift in Sources */,
				D0C2565D26978C9400792F44 /* TestHarnessSettings.swift in Sources */,
				D073212E26996999007353E5 /* Product.swift in Sources */,
				D07370DA26CE1DAC005B9556 /* UITestingIdentifiers.swift in Sources */,
				D0F539F9267806E000339DC9 /* SceneDelegate.swift in Sources */,
				D0C256552697622700792F44 /* SettingsViewController.swift in Sources */,
				D041D6612ADD681B0062338C /* User.swift in Sources */,
			);
			runOnlyForDeploymentPostprocessing = 0;
		};
/* End PBXSourcesBuildPhase section */

/* Begin PBXVariantGroup section */
		0620D001265C296E000C1A92 /* LaunchScreen.storyboard */ = {
			isa = PBXVariantGroup;
			children = (
				0620D002265C296E000C1A92 /* Base */,
			);
			name = LaunchScreen.storyboard;
			sourceTree = "<group>";
		};
/* End PBXVariantGroup section */

/* Begin XCBuildConfiguration section */
		0620D005265C296E000C1A92 /* Debug */ = {
			isa = XCBuildConfiguration;
			buildSettings = {
				ALWAYS_SEARCH_USER_PATHS = NO;
				CLANG_ANALYZER_NONNULL = YES;
				CLANG_ANALYZER_NUMBER_OBJECT_CONVERSION = YES_AGGRESSIVE;
				CLANG_CXX_LANGUAGE_STANDARD = "gnu++14";
				CLANG_CXX_LIBRARY = "libc++";
				CLANG_ENABLE_MODULES = YES;
				CLANG_ENABLE_OBJC_ARC = YES;
				CLANG_ENABLE_OBJC_WEAK = YES;
				CLANG_WARN_BLOCK_CAPTURE_AUTORELEASING = YES;
				CLANG_WARN_BOOL_CONVERSION = YES;
				CLANG_WARN_COMMA = YES;
				CLANG_WARN_CONSTANT_CONVERSION = YES;
				CLANG_WARN_DEPRECATED_OBJC_IMPLEMENTATIONS = YES;
				CLANG_WARN_DIRECT_OBJC_ISA_USAGE = YES_ERROR;
				CLANG_WARN_DOCUMENTATION_COMMENTS = YES;
				CLANG_WARN_EMPTY_BODY = YES;
				CLANG_WARN_ENUM_CONVERSION = YES;
				CLANG_WARN_INFINITE_RECURSION = YES;
				CLANG_WARN_INT_CONVERSION = YES;
				CLANG_WARN_NON_LITERAL_NULL_CONVERSION = YES;
				CLANG_WARN_OBJC_IMPLICIT_RETAIN_SELF = YES;
				CLANG_WARN_OBJC_LITERAL_CONVERSION = YES;
				CLANG_WARN_OBJC_ROOT_CLASS = YES_ERROR;
				CLANG_WARN_QUOTED_INCLUDE_IN_FRAMEWORK_HEADER = YES;
				CLANG_WARN_RANGE_LOOP_ANALYSIS = YES;
				CLANG_WARN_STRICT_PROTOTYPES = YES;
				CLANG_WARN_SUSPICIOUS_MOVE = YES;
				CLANG_WARN_UNGUARDED_AVAILABILITY = YES_AGGRESSIVE;
				CLANG_WARN_UNREACHABLE_CODE = YES;
				CLANG_WARN__DUPLICATE_METHOD_MATCH = YES;
				COPY_PHASE_STRIP = NO;
				DEBUG_INFORMATION_FORMAT = dwarf;
				DEVELOPMENT_TEAM = 5247FXNRAV;
				ENABLE_STRICT_OBJC_MSGSEND = YES;
				ENABLE_TESTABILITY = YES;
				GCC_C_LANGUAGE_STANDARD = gnu11;
				GCC_DYNAMIC_NO_PIC = NO;
				GCC_NO_COMMON_BLOCKS = YES;
				GCC_OPTIMIZATION_LEVEL = 0;
				GCC_PREPROCESSOR_DEFINITIONS = (
					"DEBUG=1",
					"$(inherited)",
				);
				GCC_WARN_64_TO_32_BIT_CONVERSION = YES;
				GCC_WARN_ABOUT_RETURN_TYPE = YES_ERROR;
				GCC_WARN_UNDECLARED_SELECTOR = YES;
				GCC_WARN_UNINITIALIZED_AUTOS = YES_AGGRESSIVE;
				GCC_WARN_UNUSED_FUNCTION = YES;
				GCC_WARN_UNUSED_VARIABLE = YES;
				IPHONEOS_DEPLOYMENT_TARGET = 13.0;
				MTL_ENABLE_DEBUG_INFO = INCLUDE_SOURCE;
				MTL_FAST_MATH = YES;
				ONLY_ACTIVE_ARCH = YES;
				SDKROOT = iphoneos;
				SWIFT_ACTIVE_COMPILATION_CONDITIONS = DEBUG;
				SWIFT_OPTIMIZATION_LEVEL = "-Onone";
			};
			name = Debug;
		};
		0620D006265C296E000C1A92 /* Release */ = {
			isa = XCBuildConfiguration;
			buildSettings = {
				ALWAYS_SEARCH_USER_PATHS = NO;
				CLANG_ANALYZER_NONNULL = YES;
				CLANG_ANALYZER_NUMBER_OBJECT_CONVERSION = YES_AGGRESSIVE;
				CLANG_CXX_LANGUAGE_STANDARD = "gnu++14";
				CLANG_CXX_LIBRARY = "libc++";
				CLANG_ENABLE_MODULES = YES;
				CLANG_ENABLE_OBJC_ARC = YES;
				CLANG_ENABLE_OBJC_WEAK = YES;
				CLANG_WARN_BLOCK_CAPTURE_AUTORELEASING = YES;
				CLANG_WARN_BOOL_CONVERSION = YES;
				CLANG_WARN_COMMA = YES;
				CLANG_WARN_CONSTANT_CONVERSION = YES;
				CLANG_WARN_DEPRECATED_OBJC_IMPLEMENTATIONS = YES;
				CLANG_WARN_DIRECT_OBJC_ISA_USAGE = YES_ERROR;
				CLANG_WARN_DOCUMENTATION_COMMENTS = YES;
				CLANG_WARN_EMPTY_BODY = YES;
				CLANG_WARN_ENUM_CONVERSION = YES;
				CLANG_WARN_INFINITE_RECURSION = YES;
				CLANG_WARN_INT_CONVERSION = YES;
				CLANG_WARN_NON_LITERAL_NULL_CONVERSION = YES;
				CLANG_WARN_OBJC_IMPLICIT_RETAIN_SELF = YES;
				CLANG_WARN_OBJC_LITERAL_CONVERSION = YES;
				CLANG_WARN_OBJC_ROOT_CLASS = YES_ERROR;
				CLANG_WARN_QUOTED_INCLUDE_IN_FRAMEWORK_HEADER = YES;
				CLANG_WARN_RANGE_LOOP_ANALYSIS = YES;
				CLANG_WARN_STRICT_PROTOTYPES = YES;
				CLANG_WARN_SUSPICIOUS_MOVE = YES;
				CLANG_WARN_UNGUARDED_AVAILABILITY = YES_AGGRESSIVE;
				CLANG_WARN_UNREACHABLE_CODE = YES;
				CLANG_WARN__DUPLICATE_METHOD_MATCH = YES;
				COPY_PHASE_STRIP = NO;
				DEBUG_INFORMATION_FORMAT = "dwarf-with-dsym";
				DEVELOPMENT_TEAM = 5247FXNRAV;
				ENABLE_NS_ASSERTIONS = NO;
				ENABLE_STRICT_OBJC_MSGSEND = YES;
				GCC_C_LANGUAGE_STANDARD = gnu11;
				GCC_NO_COMMON_BLOCKS = YES;
				GCC_WARN_64_TO_32_BIT_CONVERSION = YES;
				GCC_WARN_ABOUT_RETURN_TYPE = YES_ERROR;
				GCC_WARN_UNDECLARED_SELECTOR = YES;
				GCC_WARN_UNINITIALIZED_AUTOS = YES_AGGRESSIVE;
				GCC_WARN_UNUSED_FUNCTION = YES;
				GCC_WARN_UNUSED_VARIABLE = YES;
				IPHONEOS_DEPLOYMENT_TARGET = 13.0;
				MTL_ENABLE_DEBUG_INFO = NO;
				MTL_FAST_MATH = YES;
				SDKROOT = iphoneos;
				SWIFT_COMPILATION_MODE = wholemodule;
				SWIFT_OPTIMIZATION_LEVEL = "-O";
				VALIDATE_PRODUCT = YES;
			};
			name = Release;
		};
		0620D008265C296E000C1A92 /* Debug */ = {
			isa = XCBuildConfiguration;
			baseConfigurationReference = D0732138269C840C007353E5 /* Production.xcconfig */;
			buildSettings = {
				ASSETCATALOG_COMPILER_APPICON_NAME = AppIcon;
				ASSETCATALOG_COMPILER_GLOBAL_ACCENT_COLOR_NAME = AccentColor;
				CODE_SIGN_ENTITLEMENTS = OloPaySDKTestHarness/OloPaySDKTestHarness.entitlements;
				CODE_SIGN_IDENTITY = "iPhone Developer";
				CODE_SIGN_STYLE = Manual;
				DEVELOPMENT_TEAM = 5247FXNRAV;
				"DEVELOPMENT_TEAM[sdk=iphoneos*]" = 5247FXNRAV;
				INFOPLIST_FILE = OloPaySDKTestHarness/Info.plist;
				IPHONEOS_DEPLOYMENT_TARGET = 13.0;
				LD_RUNPATH_SEARCH_PATHS = (
					"$(inherited)",
					"@executable_path/Frameworks",
				);
				PRODUCT_BUNDLE_IDENTIFIER = com.olo.OloPaySDKTestHarness;
				PRODUCT_NAME = "$(TARGET_NAME)";
				PROVISIONING_PROFILE_SPECIFIER = "Development: OloPay SDK Test Harness";
				"PROVISIONING_PROFILE_SPECIFIER[sdk=iphoneos*]" = "Development: OloPay SDK Test Harness";
				SWIFT_VERSION = 5.0;
				TARGETED_DEVICE_FAMILY = "1,2";
				VALIDATE_WORKSPACE = YES;
			};
			name = Debug;
		};
		0620D009265C296E000C1A92 /* Release */ = {
			isa = XCBuildConfiguration;
			baseConfigurationReference = D0732138269C840C007353E5 /* Production.xcconfig */;
			buildSettings = {
				ASSETCATALOG_COMPILER_APPICON_NAME = AppIcon;
				ASSETCATALOG_COMPILER_GLOBAL_ACCENT_COLOR_NAME = AccentColor;
				CODE_SIGN_ENTITLEMENTS = OloPaySDKTestHarness/OloPaySDKTestHarness.entitlements;
				CODE_SIGN_IDENTITY = "iPhone Distribution";
				"CODE_SIGN_IDENTITY[sdk=iphoneos*]" = "iPhone Developer";
				CODE_SIGN_STYLE = Manual;
				DEVELOPMENT_TEAM = 5247FXNRAV;
				"DEVELOPMENT_TEAM[sdk=iphoneos*]" = 5247FXNRAV;
				INFOPLIST_FILE = OloPaySDKTestHarness/Info.plist;
				IPHONEOS_DEPLOYMENT_TARGET = 13.0;
				LD_RUNPATH_SEARCH_PATHS = (
					"$(inherited)",
					"@executable_path/Frameworks",
				);
				PRODUCT_BUNDLE_IDENTIFIER = com.olo.OloPaySDKTestHarness;
				PRODUCT_NAME = "$(TARGET_NAME)";
				PROVISIONING_PROFILE_SPECIFIER = "App Center: Olo Pay SDK Test Harness";
				"PROVISIONING_PROFILE_SPECIFIER[sdk=iphoneos*]" = "Development: OloPay SDK Test Harness";
				SWIFT_VERSION = 5.0;
				TARGETED_DEVICE_FAMILY = "1,2";
				VALIDATE_WORKSPACE = YES;
			};
			name = Release;
		};
		D0F53A04267806E000339DC9 /* Debug */ = {
			isa = XCBuildConfiguration;
			baseConfigurationReference = D0732137269C840C007353E5 /* Dev.xcconfig */;
			buildSettings = {
				ASSETCATALOG_COMPILER_APPICON_NAME = AppIcon;
				ASSETCATALOG_COMPILER_GLOBAL_ACCENT_COLOR_NAME = AccentColor;
				CODE_SIGN_ENTITLEMENTS = OloPaySDKTestHarness/OloPaySDKTestHarness.entitlements;
				CODE_SIGN_IDENTITY = "iPhone Developer";
				CODE_SIGN_STYLE = Manual;
				DEVELOPMENT_TEAM = 5247FXNRAV;
				"DEVELOPMENT_TEAM[sdk=iphoneos*]" = 5247FXNRAV;
				INFOPLIST_FILE = OloPaySDKTestHarness/Info.plist;
				IPHONEOS_DEPLOYMENT_TARGET = 13.0;
				LD_RUNPATH_SEARCH_PATHS = (
					"$(inherited)",
					"@executable_path/Frameworks",
				);
				PRODUCT_BUNDLE_IDENTIFIER = com.olo.OloPaySDKTestHarness;
				PRODUCT_NAME = OloPaySDKTestHarness;
				PROVISIONING_PROFILE_SPECIFIER = "Development: OloPay SDK Test Harness";
				"PROVISIONING_PROFILE_SPECIFIER[sdk=iphoneos*]" = "Development: OloPay SDK Test Harness";
				SWIFT_VERSION = 5.0;
				TARGETED_DEVICE_FAMILY = "1,2";
				VALIDATE_WORKSPACE = YES;
			};
			name = Debug;
		};
		D0F53A05267806E000339DC9 /* Release */ = {
			isa = XCBuildConfiguration;
			baseConfigurationReference = D0732137269C840C007353E5 /* Dev.xcconfig */;
			buildSettings = {
				ASSETCATALOG_COMPILER_APPICON_NAME = AppIcon;
				ASSETCATALOG_COMPILER_GLOBAL_ACCENT_COLOR_NAME = AccentColor;
				CODE_SIGN_ENTITLEMENTS = OloPaySDKTestHarness/OloPaySDKTestHarness.entitlements;
				CODE_SIGN_IDENTITY = "iPhone Distribution";
				CODE_SIGN_STYLE = Manual;
				DEVELOPMENT_TEAM = 5247FXNRAV;
				"DEVELOPMENT_TEAM[sdk=iphoneos*]" = 5247FXNRAV;
				INFOPLIST_FILE = OloPaySDKTestHarness/Info.plist;
				IPHONEOS_DEPLOYMENT_TARGET = 13.0;
				LD_RUNPATH_SEARCH_PATHS = (
					"$(inherited)",
					"@executable_path/Frameworks",
				);
				PRODUCT_BUNDLE_IDENTIFIER = com.olo.OloPaySDKTestHarness;
				PRODUCT_NAME = OloPaySDKTestHarness;
				PROVISIONING_PROFILE_SPECIFIER = "App Center: Olo Pay SDK Test Harness";
				"PROVISIONING_PROFILE_SPECIFIER[sdk=iphoneos*]" = "App Center: Olo Pay SDK Test Harness";
				SWIFT_VERSION = 5.0;
				TARGETED_DEVICE_FAMILY = "1,2";
				VALIDATE_WORKSPACE = YES;
			};
			name = Release;
		};
/* End XCBuildConfiguration section */

/* Begin XCConfigurationList section */
		0620CFEE265C296E000C1A92 /* Build configuration list for PBXProject "OloPaySDKTestHarness" */ = {
			isa = XCConfigurationList;
			buildConfigurations = (
				0620D005265C296E000C1A92 /* Debug */,
				0620D006265C296E000C1A92 /* Release */,
			);
			defaultConfigurationIsVisible = 0;
			defaultConfigurationName = Release;
		};
		0620D007265C296E000C1A92 /* Build configuration list for PBXNativeTarget "OloPaySDKTestHarness" */ = {
			isa = XCConfigurationList;
			buildConfigurations = (
				0620D008265C296E000C1A92 /* Debug */,
				0620D009265C296E000C1A92 /* Release */,
			);
			defaultConfigurationIsVisible = 0;
			defaultConfigurationName = Release;
		};
		D0F53A03267806E000339DC9 /* Build configuration list for PBXNativeTarget "OloPaySDKTestHarness-Dev" */ = {
			isa = XCConfigurationList;
			buildConfigurations = (
				D0F53A04267806E000339DC9 /* Debug */,
				D0F53A05267806E000339DC9 /* Release */,
			);
			defaultConfigurationIsVisible = 0;
			defaultConfigurationName = Release;
		};
/* End XCConfigurationList section */
	};
	rootObject = 0620CFEB265C296E000C1A92 /* Project object */;
}
